
Microsoft Visual Studio Solution File, Format Version 12.00
# Visual Studio Version 17
VisualStudioVersion = 17.3.32929.385
MinimumVisualStudioVersion = 10.0.40219.1
Project("{FAE04EC0-301F-11D3-BF4B-00C04F79EFBC}") = "MoodAnalyserProblem", "MoodAnalyserProblem.csproj", "{DD09145E-243B-4567-B576-E356A50EA2DC}"
EndProject
Global
	GlobalSection(SolutionConfigurationPlatforms) = preSolution
		Debug|Any CPU = Debug|Any CPU
		Release|Any CPU = Release|Any CPU
	EndGlobalSection
	GlobalSection(ProjectConfigurationPlatforms) = postSolution
		{DD09145E-243B-4567-B576-E356A50EA2DC}.Debug|Any CPU.ActiveCfg = Debug|Any CPU
		{DD09145E-243B-4567-B576-E356A50EA2DC}.Debug|Any CPU.Build.0 = Debug|Any CPU
		{DD09145E-243B-4567-B576-E356A50EA2DC}.Release|Any CPU.ActiveCfg = Release|Any CPU
		{DD09145E-243B-4567-B576-E356A50EA2DC}.Release|Any CPU.Build.0 = Release|Any CPU
	EndGlobalSection
	GlobalSection(SolutionProperties) = preSolution
		HideSolutionNode = FALSE
	EndGlobalSection
	GlobalSection(ExtensibilityGlobals) = postSolution
		SolutionGuid = {B79FE33A-73CB-46F1-9144-2BA84A9A670F}
	EndGlobalSection
EndGlobal
